
Microsoft Visual Studio Solution File, Format Version 12.00
# Visual Studio 14
VisualStudioVersion = 14.0.25420.1
MinimumVisualStudioVersion = 10.0.40219.1
Project("{2150E333-8FDC-42A3-9474-1A3956D46DE8}") = "src", "src", "{53B19E27-18A6-4DE6-8B57-62CB12A2B425}"
EndProject
Project("{2150E333-8FDC-42A3-9474-1A3956D46DE8}") = "Solution Items", "Solution Items", "{A06D22DC-46B4-4E15-B527-5FE0B69D2DAD}"
	ProjectSection(SolutionItems) = preProject
		global.json = global.json
	EndProjectSection
EndProject
Project("{8BB2217D-0F2D-49D1-97BC-3654ED321F3B}") = "Checklist", "src\Checklist\Checklist.xproj", "{258DDE79-7DF4-4976-9A74-003A2C1C1DA1}"
EndProject
Global
	GlobalSection(SolutionConfigurationPlatforms) = preSolution
		Debug|Any CPU = Debug|Any CPU
		Release|Any CPU = Release|Any CPU
	EndGlobalSection
	GlobalSection(ProjectConfigurationPlatforms) = postSolution
		{258DDE79-7DF4-4976-9A74-003A2C1C1DA1}.Debug|Any CPU.ActiveCfg = Debug|Any CPU
		{258DDE79-7DF4-4976-9A74-003A2C1C1DA1}.Debug|Any CPU.Build.0 = Debug|Any CPU
		{258DDE79-7DF4-4976-9A74-003A2C1C1DA1}.Release|Any CPU.ActiveCfg = Release|Any CPU
		{258DDE79-7DF4-4976-9A74-003A2C1C1DA1}.Release|Any CPU.Build.0 = Release|Any CPU
	EndGlobalSection
	GlobalSection(SolutionProperties) = preSolution
		HideSolutionNode = FALSE
	EndGlobalSection
	GlobalSection(NestedProjects) = preSolution
		{258DDE79-7DF4-4976-9A74-003A2C1C1DA1} = {53B19E27-18A6-4DE6-8B57-62CB12A2B425}
	EndGlobalSection
EndGlobal
